
Microsoft Visual Studio Solution File, Format Version 12.00
# Visual Studio Version 17
VisualStudioVersion = 17.4.33213.308
MinimumVisualStudioVersion = 10.0.40219.1
Project("{FAE04EC0-301F-11D3-BF4B-00C04F79EFBC}") = "Ejercicio02.Android", "Ejercicio02\Ejercicio02.Android\Ejercicio02.Android.csproj", "{807B0565-1628-4B62-B9F8-40A43609B36A}"
EndProject
Project("{FAE04EC0-301F-11D3-BF4B-00C04F79EFBC}") = "Ejercicio02.iOS", "Ejercicio02\Ejercicio02.iOS\Ejercicio02.iOS.csproj", "{12838B32-6D89-409D-A657-A10D2B09FFBF}"
EndProject
Project("{FAE04EC0-301F-11D3-BF4B-00C04F79EFBC}") = "Ejercicio02", "Ejercicio02\Ejercicio02\Ejercicio02.csproj", "{7C265298-C711-4985-8408-FA65923039DF}"
EndProject
Global
	GlobalSection(SolutionConfigurationPlatforms) = preSolution
		Debug|Any CPU = Debug|Any CPU
		Debug|iPhone = Debug|iPhone
		Debug|iPhoneSimulator = Debug|iPhoneSimulator
		Release|Any CPU = Release|Any CPU
		Release|iPhone = Release|iPhone
		Release|iPhoneSimulator = Release|iPhoneSimulator
	EndGlobalSection
	GlobalSection(ProjectConfigurationPlatforms) = postSolution
		{807B0565-1628-4B62-B9F8-40A43609B36A}.Debug|Any CPU.ActiveCfg = Debug|Any CPU
		{807B0565-1628-4B62-B9F8-40A43609B36A}.Debug|Any CPU.Build.0 = Debug|Any CPU
		{807B0565-1628-4B62-B9F8-40A43609B36A}.Debug|Any CPU.Deploy.0 = Debug|Any CPU
		{807B0565-1628-4B62-B9F8-40A43609B36A}.Debug|iPhone.ActiveCfg = Debug|Any CPU
		{807B0565-1628-4B62-B9F8-40A43609B36A}.Debug|iPhone.Build.0 = Debug|Any CPU
		{807B0565-1628-4B62-B9F8-40A43609B36A}.Debug|iPhone.Deploy.0 = Debug|Any CPU
		{807B0565-1628-4B62-B9F8-40A43609B36A}.Debug|iPhoneSimulator.ActiveCfg = Debug|Any CPU
		{807B0565-1628-4B62-B9F8-40A43609B36A}.Debug|iPhoneSimulator.Build.0 = Debug|Any CPU
		{807B0565-1628-4B62-B9F8-40A43609B36A}.Debug|iPhoneSimulator.Deploy.0 = Debug|Any CPU
		{807B0565-1628-4B62-B9F8-40A43609B36A}.Release|Any CPU.ActiveCfg = Release|Any CPU
		{807B0565-1628-4B62-B9F8-40A43609B36A}.Release|Any CPU.Build.0 = Release|Any CPU
		{807B0565-1628-4B62-B9F8-40A43609B36A}.Release|Any CPU.Deploy.0 = Release|Any CPU
		{807B0565-1628-4B62-B9F8-40A43609B36A}.Release|iPhone.ActiveCfg = Release|Any CPU
		{807B0565-1628-4B62-B9F8-40A43609B36A}.Release|iPhone.Build.0 = Release|Any CPU
		{807B0565-1628-4B62-B9F8-40A43609B36A}.Release|iPhone.Deploy.0 = Release|Any CPU
		{807B0565-1628-4B62-B9F8-40A43609B36A}.Release|iPhoneSimulator.ActiveCfg = Release|Any CPU
		{807B0565-1628-4B62-B9F8-40A43609B36A}.Release|iPhoneSimulator.Build.0 = Release|Any CPU
		{807B0565-1628-4B62-B9F8-40A43609B36A}.Release|iPhoneSimulator.Deploy.0 = Release|Any CPU
		{12838B32-6D89-409D-A657-A10D2B09FFBF}.Debug|Any CPU.ActiveCfg = Debug|iPhone
		{12838B32-6D89-409D-A657-A10D2B09FFBF}.Debug|Any CPU.Build.0 = Debug|iPhone
		{12838B32-6D89-409D-A657-A10D2B09FFBF}.Debug|Any CPU.Deploy.0 = Debug|iPhone
		{12838B32-6D89-409D-A657-A10D2B09FFBF}.Debug|iPhone.ActiveCfg = Debug|iPhone
		{12838B32-6D89-409D-A657-A10D2B09FFBF}.Debug|iPhone.Build.0 = Debug|iPhone
		{12838B32-6D89-409D-A657-A10D2B09FFBF}.Debug|iPhone.Deploy.0 = Debug|iPhone
		{12838B32-6D89-409D-A657-A10D2B09FFBF}.Debug|iPhoneSimulator.ActiveCfg = Debug|iPhoneSimulator
		{12838B32-6D89-409D-A657-A10D2B09FFBF}.Debug|iPhoneSimulator.Build.0 = Debug|iPhoneSimulator
		{12838B32-6D89-409D-A657-A10D2B09FFBF}.Debug|iPhoneSimulator.Deploy.0 = Debug|iPhoneSimulator
		{12838B32-6D89-409D-A657-A10D2B09FFBF}.Release|Any CPU.ActiveCfg = Release|iPhoneSimulator
		{12838B32-6D89-409D-A657-A10D2B09FFBF}.Release|Any CPU.Build.0 = Release|iPhoneSimulator
		{12838B32-6D89-409D-A657-A10D2B09FFBF}.Release|Any CPU.Deploy.0 = Release|iPhoneSimulator
		{12838B32-6D89-409D-A657-A10D2B09FFBF}.Release|iPhone.ActiveCfg = Release|iPhone
		{12838B32-6D89-409D-A657-A10D2B09FFBF}.Release|iPhone.Build.0 = Release|iPhone
		{12838B32-6D89-409D-A657-A10D2B09FFBF}.Release|iPhone.Deploy.0 = Release|iPhone
		{12838B32-6D89-409D-A657-A10D2B09FFBF}.Release|iPhoneSimulator.ActiveCfg = Release|iPhoneSimulator
		{12838B32-6D89-409D-A657-A10D2B09FFBF}.Release|iPhoneSimulator.Build.0 = Release|iPhoneSimulator
		{12838B32-6D89-409D-A657-A10D2B09FFBF}.Release|iPhoneSimulator.Deploy.0 = Release|iPhoneSimulator
		{7C265298-C711-4985-8408-FA65923039DF}.Debug|Any CPU.ActiveCfg = Debug|Any CPU
		{7C265298-C711-4985-8408-FA65923039DF}.Debug|Any CPU.Build.0 = Debug|Any CPU
		{7C265298-C711-4985-8408-FA65923039DF}.Debug|Any CPU.Deploy.0 = Debug|Any CPU
		{7C265298-C711-4985-8408-FA65923039DF}.Debug|iPhone.ActiveCfg = Debug|Any CPU
		{7C265298-C711-4985-8408-FA65923039DF}.Debug|iPhone.Build.0 = Debug|Any CPU
		{7C265298-C711-4985-8408-FA65923039DF}.Debug|iPhone.Deploy.0 = Debug|Any CPU
		{7C265298-C711-4985-8408-FA65923039DF}.Debug|iPhoneSimulator.ActiveCfg = Debug|Any CPU
		{7C265298-C711-4985-8408-FA65923039DF}.Debug|iPhoneSimulator.Build.0 = Debug|Any CPU
		{7C265298-C711-4985-8408-FA65923039DF}.Debug|iPhoneSimulator.Deploy.0 = Debug|Any CPU
		{7C265298-C711-4985-8408-FA65923039DF}.Release|Any CPU.ActiveCfg = Release|Any CPU
		{7C265298-C711-4985-8408-FA65923039DF}.Release|Any CPU.Build.0 = Release|Any CPU
		{7C265298-C711-4985-8408-FA65923039DF}.Release|Any CPU.Deploy.0 = Release|Any CPU
		{7C265298-C711-4985-8408-FA65923039DF}.Release|iPhone.ActiveCfg = Release|Any CPU
		{7C265298-C711-4985-8408-FA65923039DF}.Release|iPhone.Build.0 = Release|Any CPU
		{7C265298-C711-4985-8408-FA65923039DF}.Release|iPhone.Deploy.0 = Release|Any CPU
		{7C265298-C711-4985-8408-FA65923039DF}.Release|iPhoneSimulator.ActiveCfg = Release|Any CPU
		{7C265298-C711-4985-8408-FA65923039DF}.Release|iPhoneSimulator.Build.0 = Release|Any CPU
		{7C265298-C711-4985-8408-FA65923039DF}.Release|iPhoneSimulator.Deploy.0 = Release|Any CPU
	EndGlobalSection
	GlobalSection(SolutionProperties) = preSolution
		HideSolutionNode = FALSE
	EndGlobalSection
	GlobalSection(ExtensibilityGlobals) = postSolution
		SolutionGuid = {5A1C8821-C717-4349-B39D-B0B0498900B8}
	EndGlobalSection
EndGlobal
